
Microsoft Visual Studio Solution File, Format Version 12.00
# Visual Studio Version 16
VisualStudioVersion = 16.0.28917.181
MinimumVisualStudioVersion = 10.0.40219.1
Project("{FAE04EC0-301F-11D3-BF4B-00C04F79EFBC}") = "ImageViewer", "ImageViewer\ImageViewer.csproj", "{3FDEA576-EBF5-4B3B-90AC-B60BC894544E}"
EndProject
Global
	GlobalSection(SolutionConfigurationPlatforms) = preSolution
		Debug|Any CPU = Debug|Any CPU
		Release|Any CPU = Release|Any CPU
	EndGlobalSection
	GlobalSection(ProjectConfigurationPlatforms) = postSolution
		{3FDEA576-EBF5-4B3B-90AC-B60BC894544E}.Debug|Any CPU.ActiveCfg = Debug|Any CPU
		{3FDEA576-EBF5-4B3B-90AC-B60BC894544E}.Debug|Any CPU.Build.0 = Debug|Any CPU
		{3FDEA576-EBF5-4B3B-90AC-B60BC894544E}.Release|Any CPU.ActiveCfg = Release|Any CPU
		{3FDEA576-EBF5-4B3B-90AC-B60BC894544E}.Release|Any CPU.Build.0 = Release|Any CPU
	EndGlobalSection
	GlobalSection(SolutionProperties) = preSolution
		HideSolutionNode = FALSE
	EndGlobalSection
	GlobalSection(ExtensibilityGlobals) = postSolution
		SolutionGuid = {CB7CDF14-D285-4267-9160-F31FF1E6A4A0}
	EndGlobalSection
EndGlobal
